
Microsoft Visual Studio Solution File, Format Version 12.00
# Visual Studio Version 17
VisualStudioVersion = 17.4.33110.190
MinimumVisualStudioVersion = 10.0.40219.1
Project("{FAE04EC0-301F-11D3-BF4B-00C04F79EFBC}") = "1226", "1226\1226.csproj", "{925CC8EC-D18D-4D4F-AE5C-466A53731F79}"
EndProject
Global
	GlobalSection(SolutionConfigurationPlatforms) = preSolution
		Debug|Any CPU = Debug|Any CPU
		Release|Any CPU = Release|Any CPU
	EndGlobalSection
	GlobalSection(ProjectConfigurationPlatforms) = postSolution
		{925CC8EC-D18D-4D4F-AE5C-466A53731F79}.Debug|Any CPU.ActiveCfg = Debug|Any CPU
		{925CC8EC-D18D-4D4F-AE5C-466A53731F79}.Debug|Any CPU.Build.0 = Debug|Any CPU
		{925CC8EC-D18D-4D4F-AE5C-466A53731F79}.Release|Any CPU.ActiveCfg = Release|Any CPU
		{925CC8EC-D18D-4D4F-AE5C-466A53731F79}.Release|Any CPU.Build.0 = Release|Any CPU
	EndGlobalSection
	GlobalSection(SolutionProperties) = preSolution
		HideSolutionNode = FALSE
	EndGlobalSection
	GlobalSection(ExtensibilityGlobals) = postSolution
		SolutionGuid = {639DE4E3-CD24-442D-A2EA-22F50895AAF2}
	EndGlobalSection
EndGlobal
